
Microsoft Visual Studio Solution File, Format Version 12.00
# Visual Studio Version 17
VisualStudioVersion = 17.6.33723.286
MinimumVisualStudioVersion = 10.0.40219.1
Project("{FAE04EC0-301F-11D3-BF4B-00C04F79EFBC}") = "vsms", "vsms\vsms.csproj", "{8B08BA44-5EF6-4FA9-BA63-71C91182CE30}"
EndProject
Global
	GlobalSection(SolutionConfigurationPlatforms) = preSolution
		Debug|Any CPU = Debug|Any CPU
		Release|Any CPU = Release|Any CPU
	EndGlobalSection
	GlobalSection(ProjectConfigurationPlatforms) = postSolution
		{8B08BA44-5EF6-4FA9-BA63-71C91182CE30}.Debug|Any CPU.ActiveCfg = Debug|Any CPU
		{8B08BA44-5EF6-4FA9-BA63-71C91182CE30}.Debug|Any CPU.Build.0 = Debug|Any CPU
		{8B08BA44-5EF6-4FA9-BA63-71C91182CE30}.Release|Any CPU.ActiveCfg = Release|Any CPU
		{8B08BA44-5EF6-4FA9-BA63-71C91182CE30}.Release|Any CPU.Build.0 = Release|Any CPU
	EndGlobalSection
	GlobalSection(SolutionProperties) = preSolution
		HideSolutionNode = FALSE
	EndGlobalSection
	GlobalSection(ExtensibilityGlobals) = postSolution
		SolutionGuid = {37014358-DCA6-4B26-9D61-B23F507EC2F6}
	EndGlobalSection
EndGlobal
